
Microsoft Visual Studio Solution File, Format Version 12.00
# Visual Studio Version 16
VisualStudioVersion = 16.0.28922.388
MinimumVisualStudioVersion = 10.0.40219.1
Project("{FAE04EC0-301F-11D3-BF4B-00C04F79EFBC}") = "Micro-IN", "Micro-IN\Micro-IN.csproj", "{D81AAE2C-6E2E-4F3B-8040-D748C1B8092A}"
EndProject
Global
	GlobalSection(SolutionConfigurationPlatforms) = preSolution
		Debug|Any CPU = Debug|Any CPU
		Release|Any CPU = Release|Any CPU
	EndGlobalSection
	GlobalSection(ProjectConfigurationPlatforms) = postSolution
		{D81AAE2C-6E2E-4F3B-8040-D748C1B8092A}.Debug|Any CPU.ActiveCfg = Debug|Any CPU
		{D81AAE2C-6E2E-4F3B-8040-D748C1B8092A}.Debug|Any CPU.Build.0 = Debug|Any CPU
		{D81AAE2C-6E2E-4F3B-8040-D748C1B8092A}.Release|Any CPU.ActiveCfg = Release|Any CPU
		{D81AAE2C-6E2E-4F3B-8040-D748C1B8092A}.Release|Any CPU.Build.0 = Release|Any CPU
	EndGlobalSection
	GlobalSection(SolutionProperties) = preSolution
		HideSolutionNode = FALSE
	EndGlobalSection
	GlobalSection(ExtensibilityGlobals) = postSolution
		SolutionGuid = {1D5435C5-D0A6-402E-A978-C5C9DF62E19A}
	EndGlobalSection
EndGlobal
